# This file is automatically @generated by Cargo.
# It is not intended for manual editing.
version = 3

[[package]]
name = "gimli"
version = "0.31.1"
source = "registry+https://github.com/rust-lang/crates.io-index"
checksum = "07e28edb80900c19c28f1072f2e8aeca7fa06b23cd4169cefe1af5aa3260783f"

[[package]]
name = "portable-atomic"
version = "1.11.0"
source = "registry+https://github.com/rust-lang/crates.io-index"
checksum = "350e9b48cbc6b0e028b0473b114454c6316e57336ee184ceab6e53f72c178b3e"

[[package]]
name = "semihosting"
version = "0.1.20"
dependencies = [
 "portable-atomic",
 "unwinding",
]

[[package]]
name = "unwinding"
version = "0.2.5"
source = "registry+https://github.com/rust-lang/crates.io-index"
checksum = "51f06a05848f650946acef3bf525fe96612226b61f74ae23ffa4e98bfbb8ab3c"
dependencies = [
 "gimli",
]
